# This file is autogenerated, do not edit; changes may be undone by the next 'dep ensure'.


[[projects]]
  name = "git.apache.org/thrift.git"
  packages = ["lib/go/thrift"]
  revision = "327ebb6c2b6df8bf075da02ef45a2a034e9b79ba"
  version = "0.11.0"

[[projects]]
  name = "github.com/BurntSushi/toml"
  packages = ["."]
  revision = "b26d9c308763d68093482582cea63d69be07a0f0"
  version = "v0.3.0"

[[projects]]
  branch = "master"
  name = "github.com/cupcake/rdb"
  packages = [
    ".",
    "crc64",
    "nopdecoder"
  ]
  revision = "43ba34106c765f2111c0dc7b74cdf8ee437411e0"

[[projects]]
  branch = "master"
  name = "github.com/dyatlov/go-opengraph"
  packages = ["opengraph"]
  revision = "816b6608b3c8c1e871bc9cf777f390e2532081fe"

[[projects]]
  branch = "master"
  name = "github.com/edsrzf/mmap-go"
  packages = ["."]
  revision = "0bce6a6887123b67a60366d2c9fe2dfb74289d2e"

[[projects]]
  branch = "master"
  name = "github.com/golang/snappy"
  packages = ["."]
  revision = "553a641470496b2327abcac10b36396bd98e45c9"

[[projects]]
  name = "github.com/pelletier/go-toml"
  packages = ["."]
  revision = "acdc4509485b587f5e675510c4f2c63e90ff68a8"
  version = "v1.1.0"

[[projects]]
  branch = "master"
  name = "github.com/siddontang/go"
  packages = [
    "filelock",
    "hack",
    "ioutil2",
    "log",
    "num",
    "snappy",
    "sync2"
  ]
  revision = "2b7082d296ba89ae7ead0f977816bddefb65df9d"

[[projects]]
  name = "github.com/siddontang/ledisdb"
  packages = [
    "config",
    "ledis",
    "rpl",
    "store",
    "store/driver",
    "store/goleveldb",
    "store/leveldb",
    "store/rocksdb"
  ]
  revision = "56900470a899883f691bcdf6bea4ac547f2a9a6f"
  version = "v0.6"

[[projects]]
  branch = "master"
  name = "github.com/siddontang/rdb"
  packages = ["."]
  revision = "fc89ed2e418d27e3ea76e708e54276d2b44ae9cf"

[[projects]]
  name = "github.com/syndtr/goleveldb"
  packages = [
    "leveldb",
    "leveldb/cache",
    "leveldb/comparer",
    "leveldb/errors",
    "leveldb/filter",
    "leveldb/iterator",
    "leveldb/journal",
    "leveldb/memdb",
    "leveldb/opt",
    "leveldb/storage",
    "leveldb/table",
    "leveldb/util"
  ]
  revision = "cfa635847112c5dc4782e128fa7e0d05fdbfb394"

[[projects]]
  branch = "master"
  name = "golang.org/x/net"
  packages = [
    "context",
    "html",
    "html/atom"
  ]
  revision = "2491c5de3490fced2f6cff376127c667efeed857"

[solve-meta]
  analyzer-name = "dep"
  analyzer-version = 1
  inputs-digest = "5cd0154199bed867187ffc9c573eb4e9f0fc8f8c8c5093425d2bb57b7cc5bb93"
  solver-name = "gps-cdcl"
  solver-version = 1
